
Microsoft Visual Studio Solution File, Format Version 12.00
# Visual Studio Version 17
VisualStudioVersion = 17.7.34024.191
MinimumVisualStudioVersion = 10.0.40219.1
Project("{FAE04EC0-301F-11D3-BF4B-00C04F79EFBC}") = "PIIIProject", "PIIIProject.csproj", "{3950FA32-C217-408E-8658-C59008B06560}"
EndProject
Global
	GlobalSection(SolutionConfigurationPlatforms) = preSolution
		Debug|Any CPU = Debug|Any CPU
		Release|Any CPU = Release|Any CPU
	EndGlobalSection
	GlobalSection(ProjectConfigurationPlatforms) = postSolution
		{3950FA32-C217-408E-8658-C59008B06560}.Debug|Any CPU.ActiveCfg = Debug|Any CPU
		{3950FA32-C217-408E-8658-C59008B06560}.Debug|Any CPU.Build.0 = Debug|Any CPU
		{3950FA32-C217-408E-8658-C59008B06560}.Release|Any CPU.ActiveCfg = Release|Any CPU
		{3950FA32-C217-408E-8658-C59008B06560}.Release|Any CPU.Build.0 = Release|Any CPU
	EndGlobalSection
	GlobalSection(SolutionProperties) = preSolution
		HideSolutionNode = FALSE
	EndGlobalSection
	GlobalSection(ExtensibilityGlobals) = postSolution
		SolutionGuid = {3B4E8736-656E-4846-BD5E-38324FBCDA07}
	EndGlobalSection
EndGlobal
